
Microsoft Visual Studio Solution File, Format Version 12.00
# Visual Studio 15
VisualStudioVersion = 15.0.28307.1209
MinimumVisualStudioVersion = 10.0.40219.1
Project("{FAE04EC0-301F-11D3-BF4B-00C04F79EFBC}") = "Punto 7", "Punto 7\Punto 7.csproj", "{8CC55DC2-EF81-4505-A813-8E165A992786}"
EndProject
Global
	GlobalSection(SolutionConfigurationPlatforms) = preSolution
		Debug|Any CPU = Debug|Any CPU
		Release|Any CPU = Release|Any CPU
	EndGlobalSection
	GlobalSection(ProjectConfigurationPlatforms) = postSolution
		{8CC55DC2-EF81-4505-A813-8E165A992786}.Debug|Any CPU.ActiveCfg = Debug|Any CPU
		{8CC55DC2-EF81-4505-A813-8E165A992786}.Debug|Any CPU.Build.0 = Debug|Any CPU
		{8CC55DC2-EF81-4505-A813-8E165A992786}.Release|Any CPU.ActiveCfg = Release|Any CPU
		{8CC55DC2-EF81-4505-A813-8E165A992786}.Release|Any CPU.Build.0 = Release|Any CPU
	EndGlobalSection
	GlobalSection(SolutionProperties) = preSolution
		HideSolutionNode = FALSE
	EndGlobalSection
	GlobalSection(ExtensibilityGlobals) = postSolution
		SolutionGuid = {7486C470-FF6E-4B00-9E29-CD57A502C6B2}
	EndGlobalSection
EndGlobal
