
Microsoft Visual Studio Solution File, Format Version 12.00
# Visual Studio 15
VisualStudioVersion = 15.0.28307.1209
MinimumVisualStudioVersion = 10.0.40219.1
Project("{FAE04EC0-301F-11D3-BF4B-00C04F79EFBC}") = "MatricesDataGridView", "MatricesDataGridView\MatricesDataGridView.csproj", "{72E8BAE7-7919-4A96-A13A-769DC993F743}"
EndProject
Global
	GlobalSection(SolutionConfigurationPlatforms) = preSolution
		Debug|Any CPU = Debug|Any CPU
		Release|Any CPU = Release|Any CPU
	EndGlobalSection
	GlobalSection(ProjectConfigurationPlatforms) = postSolution
		{72E8BAE7-7919-4A96-A13A-769DC993F743}.Debug|Any CPU.ActiveCfg = Debug|Any CPU
		{72E8BAE7-7919-4A96-A13A-769DC993F743}.Debug|Any CPU.Build.0 = Debug|Any CPU
		{72E8BAE7-7919-4A96-A13A-769DC993F743}.Release|Any CPU.ActiveCfg = Release|Any CPU
		{72E8BAE7-7919-4A96-A13A-769DC993F743}.Release|Any CPU.Build.0 = Release|Any CPU
	EndGlobalSection
	GlobalSection(SolutionProperties) = preSolution
		HideSolutionNode = FALSE
	EndGlobalSection
	GlobalSection(ExtensibilityGlobals) = postSolution
		SolutionGuid = {A50A5805-4316-4E00-87D9-F0BEECDAD1DE}
	EndGlobalSection
EndGlobal
