
Microsoft Visual Studio Solution File, Format Version 12.00
# Visual Studio 15
VisualStudioVersion = 15.0.28307.1209
MinimumVisualStudioVersion = 10.0.40219.1
Project("{FAE04EC0-301F-11D3-BF4B-00C04F79EFBC}") = "BusquedadBinaria", "BusquedadBinaria\BusquedadBinaria.csproj", "{172F1E1F-4ACF-410D-97A3-BFCB4CC21662}"
EndProject
Global
	GlobalSection(SolutionConfigurationPlatforms) = preSolution
		Debug|Any CPU = Debug|Any CPU
		Release|Any CPU = Release|Any CPU
	EndGlobalSection
	GlobalSection(ProjectConfigurationPlatforms) = postSolution
		{172F1E1F-4ACF-410D-97A3-BFCB4CC21662}.Debug|Any CPU.ActiveCfg = Debug|Any CPU
		{172F1E1F-4ACF-410D-97A3-BFCB4CC21662}.Debug|Any CPU.Build.0 = Debug|Any CPU
		{172F1E1F-4ACF-410D-97A3-BFCB4CC21662}.Release|Any CPU.ActiveCfg = Release|Any CPU
		{172F1E1F-4ACF-410D-97A3-BFCB4CC21662}.Release|Any CPU.Build.0 = Release|Any CPU
	EndGlobalSection
	GlobalSection(SolutionProperties) = preSolution
		HideSolutionNode = FALSE
	EndGlobalSection
	GlobalSection(ExtensibilityGlobals) = postSolution
		SolutionGuid = {E2FBF592-59E6-432C-B962-15FA292DDE76}
	EndGlobalSection
EndGlobal
