
Microsoft Visual Studio Solution File, Format Version 12.00
# Visual Studio 15
VisualStudioVersion = 15.0.28307.1209
MinimumVisualStudioVersion = 10.0.40219.1
Project("{FAE04EC0-301F-11D3-BF4B-00C04F79EFBC}") = "t1p9", "t1p10\t1p9.csproj", "{BE601080-1D78-4B1F-94C5-798F4A336F30}"
EndProject
Global
	GlobalSection(SolutionConfigurationPlatforms) = preSolution
		Debug|Any CPU = Debug|Any CPU
		Release|Any CPU = Release|Any CPU
	EndGlobalSection
	GlobalSection(ProjectConfigurationPlatforms) = postSolution
		{BE601080-1D78-4B1F-94C5-798F4A336F30}.Debug|Any CPU.ActiveCfg = Debug|Any CPU
		{BE601080-1D78-4B1F-94C5-798F4A336F30}.Debug|Any CPU.Build.0 = Debug|Any CPU
		{BE601080-1D78-4B1F-94C5-798F4A336F30}.Release|Any CPU.ActiveCfg = Release|Any CPU
		{BE601080-1D78-4B1F-94C5-798F4A336F30}.Release|Any CPU.Build.0 = Release|Any CPU
	EndGlobalSection
	GlobalSection(SolutionProperties) = preSolution
		HideSolutionNode = FALSE
	EndGlobalSection
	GlobalSection(ExtensibilityGlobals) = postSolution
		SolutionGuid = {54E52286-4B1B-4552-805E-57D41246B5BB}
	EndGlobalSection
EndGlobal
