
Microsoft Visual Studio Solution File, Format Version 12.00
# Visual Studio 15
VisualStudioVersion = 15.0.28307.1209
MinimumVisualStudioVersion = 10.0.40219.1
Project("{FAE04EC0-301F-11D3-BF4B-00C04F79EFBC}") = "t1p6", "t1p6\t1p6.csproj", "{030C60AB-4103-40F1-9C10-62B8034D4B06}"
EndProject
Global
	GlobalSection(SolutionConfigurationPlatforms) = preSolution
		Debug|Any CPU = Debug|Any CPU
		Release|Any CPU = Release|Any CPU
	EndGlobalSection
	GlobalSection(ProjectConfigurationPlatforms) = postSolution
		{030C60AB-4103-40F1-9C10-62B8034D4B06}.Debug|Any CPU.ActiveCfg = Debug|Any CPU
		{030C60AB-4103-40F1-9C10-62B8034D4B06}.Debug|Any CPU.Build.0 = Debug|Any CPU
		{030C60AB-4103-40F1-9C10-62B8034D4B06}.Release|Any CPU.ActiveCfg = Release|Any CPU
		{030C60AB-4103-40F1-9C10-62B8034D4B06}.Release|Any CPU.Build.0 = Release|Any CPU
	EndGlobalSection
	GlobalSection(SolutionProperties) = preSolution
		HideSolutionNode = FALSE
	EndGlobalSection
	GlobalSection(ExtensibilityGlobals) = postSolution
		SolutionGuid = {16140B90-62D1-4397-BC9F-C26374C1B1E9}
	EndGlobalSection
EndGlobal
