
Microsoft Visual Studio Solution File, Format Version 12.00
# Visual Studio 15
VisualStudioVersion = 15.0.28307.1209
MinimumVisualStudioVersion = 10.0.40219.1
Project("{FAE04EC0-301F-11D3-BF4B-00C04F79EFBC}") = "Encuesta", "Encuesta\Encuesta.csproj", "{190AD215-8771-46F9-A1E8-CB920F5B2F09}"
EndProject
Global
	GlobalSection(SolutionConfigurationPlatforms) = preSolution
		Debug|Any CPU = Debug|Any CPU
		Release|Any CPU = Release|Any CPU
	EndGlobalSection
	GlobalSection(ProjectConfigurationPlatforms) = postSolution
		{190AD215-8771-46F9-A1E8-CB920F5B2F09}.Debug|Any CPU.ActiveCfg = Debug|Any CPU
		{190AD215-8771-46F9-A1E8-CB920F5B2F09}.Debug|Any CPU.Build.0 = Debug|Any CPU
		{190AD215-8771-46F9-A1E8-CB920F5B2F09}.Release|Any CPU.ActiveCfg = Release|Any CPU
		{190AD215-8771-46F9-A1E8-CB920F5B2F09}.Release|Any CPU.Build.0 = Release|Any CPU
	EndGlobalSection
	GlobalSection(SolutionProperties) = preSolution
		HideSolutionNode = FALSE
	EndGlobalSection
	GlobalSection(ExtensibilityGlobals) = postSolution
		SolutionGuid = {2532B0F5-FEDE-472A-BB6E-364F658AF605}
	EndGlobalSection
EndGlobal
