
Microsoft Visual Studio Solution File, Format Version 12.00
# Visual Studio 15
VisualStudioVersion = 15.0.28307.1209
MinimumVisualStudioVersion = 10.0.40219.1
Project("{FAE04EC0-301F-11D3-BF4B-00C04F79EFBC}") = "CreacionyEscrituraDeArchivo", "CreacionyEscrituraDeArchivo\CreacionyEscrituraDeArchivo.csproj", "{D0A64498-22F2-42F0-A761-BCD412D8667B}"
EndProject
Global
	GlobalSection(SolutionConfigurationPlatforms) = preSolution
		Debug|Any CPU = Debug|Any CPU
		Release|Any CPU = Release|Any CPU
	EndGlobalSection
	GlobalSection(ProjectConfigurationPlatforms) = postSolution
		{D0A64498-22F2-42F0-A761-BCD412D8667B}.Debug|Any CPU.ActiveCfg = Debug|Any CPU
		{D0A64498-22F2-42F0-A761-BCD412D8667B}.Debug|Any CPU.Build.0 = Debug|Any CPU
		{D0A64498-22F2-42F0-A761-BCD412D8667B}.Release|Any CPU.ActiveCfg = Release|Any CPU
		{D0A64498-22F2-42F0-A761-BCD412D8667B}.Release|Any CPU.Build.0 = Release|Any CPU
	EndGlobalSection
	GlobalSection(SolutionProperties) = preSolution
		HideSolutionNode = FALSE
	EndGlobalSection
	GlobalSection(ExtensibilityGlobals) = postSolution
		SolutionGuid = {C6E74D81-A728-48D1-A156-3244D6C2B247}
	EndGlobalSection
EndGlobal
