
Microsoft Visual Studio Solution File, Format Version 12.00
# Visual Studio 15
VisualStudioVersion = 15.0.28307.1209
MinimumVisualStudioVersion = 10.0.40219.1
Project("{FAE04EC0-301F-11D3-BF4B-00C04F79EFBC}") = "MostrarArchivo", "MostrarArchivo\MostrarArchivo.csproj", "{31975D4D-9722-4896-AA83-F5D7B96DAA56}"
EndProject
Global
	GlobalSection(SolutionConfigurationPlatforms) = preSolution
		Debug|Any CPU = Debug|Any CPU
		Release|Any CPU = Release|Any CPU
	EndGlobalSection
	GlobalSection(ProjectConfigurationPlatforms) = postSolution
		{31975D4D-9722-4896-AA83-F5D7B96DAA56}.Debug|Any CPU.ActiveCfg = Debug|Any CPU
		{31975D4D-9722-4896-AA83-F5D7B96DAA56}.Debug|Any CPU.Build.0 = Debug|Any CPU
		{31975D4D-9722-4896-AA83-F5D7B96DAA56}.Release|Any CPU.ActiveCfg = Release|Any CPU
		{31975D4D-9722-4896-AA83-F5D7B96DAA56}.Release|Any CPU.Build.0 = Release|Any CPU
	EndGlobalSection
	GlobalSection(SolutionProperties) = preSolution
		HideSolutionNode = FALSE
	EndGlobalSection
	GlobalSection(ExtensibilityGlobals) = postSolution
		SolutionGuid = {BA6DC622-7721-4A67-9731-66BEA77DB945}
	EndGlobalSection
EndGlobal
